
Microsoft Visual Studio Solution File, Format Version 12.00
# Visual Studio 2013
VisualStudioVersion = 12.0.31101.0
MinimumVisualStudioVersion = 10.0.40219.1
Project("{FAE04EC0-301F-11D3-BF4B-00C04F79EFBC}") = "LottoProject.Domain", "LottoProject.Domain\LottoProject.Domain.csproj", "{1CA0EF98-1C5F-4181-8C57-1622BB0FC772}"
EndProject
Project("{FAE04EC0-301F-11D3-BF4B-00C04F79EFBC}") = "LottoProject.Web", "LottoProject.Web\LottoProject.Web.csproj", "{4B071EDE-6463-426C-9C74-CDAAFB5E4394}"
EndProject
Project("{FAE04EC0-301F-11D3-BF4B-00C04F79EFBC}") = "LottoProject.Engine", "LottoProject.Engine\LottoProject.Engine.csproj", "{916009DA-7709-447D-A1DA-0DCD4D4923EE}"
EndProject
Project("{FAE04EC0-301F-11D3-BF4B-00C04F79EFBC}") = "LottoProject.Common", "LottoProject.Common\LottoProject.Common.csproj", "{F75DA442-EE60-4ED9-AC48-ED0B74A9218C}"
EndProject
Global
	GlobalSection(SolutionConfigurationPlatforms) = preSolution
		Debug|Any CPU = Debug|Any CPU
		Release|Any CPU = Release|Any CPU
	EndGlobalSection
	GlobalSection(ProjectConfigurationPlatforms) = postSolution
		{1CA0EF98-1C5F-4181-8C57-1622BB0FC772}.Debug|Any CPU.ActiveCfg = Debug|Any CPU
		{1CA0EF98-1C5F-4181-8C57-1622BB0FC772}.Debug|Any CPU.Build.0 = Debug|Any CPU
		{1CA0EF98-1C5F-4181-8C57-1622BB0FC772}.Release|Any CPU.ActiveCfg = Release|Any CPU
		{1CA0EF98-1C5F-4181-8C57-1622BB0FC772}.Release|Any CPU.Build.0 = Release|Any CPU
		{4B071EDE-6463-426C-9C74-CDAAFB5E4394}.Debug|Any CPU.ActiveCfg = Debug|Any CPU
		{4B071EDE-6463-426C-9C74-CDAAFB5E4394}.Debug|Any CPU.Build.0 = Debug|Any CPU
		{4B071EDE-6463-426C-9C74-CDAAFB5E4394}.Release|Any CPU.ActiveCfg = Release|Any CPU
		{4B071EDE-6463-426C-9C74-CDAAFB5E4394}.Release|Any CPU.Build.0 = Release|Any CPU
		{916009DA-7709-447D-A1DA-0DCD4D4923EE}.Debug|Any CPU.ActiveCfg = Debug|Any CPU
		{916009DA-7709-447D-A1DA-0DCD4D4923EE}.Debug|Any CPU.Build.0 = Debug|Any CPU
		{916009DA-7709-447D-A1DA-0DCD4D4923EE}.Release|Any CPU.ActiveCfg = Release|Any CPU
		{916009DA-7709-447D-A1DA-0DCD4D4923EE}.Release|Any CPU.Build.0 = Release|Any CPU
		{F75DA442-EE60-4ED9-AC48-ED0B74A9218C}.Debug|Any CPU.ActiveCfg = Debug|Any CPU
		{F75DA442-EE60-4ED9-AC48-ED0B74A9218C}.Debug|Any CPU.Build.0 = Debug|Any CPU
		{F75DA442-EE60-4ED9-AC48-ED0B74A9218C}.Release|Any CPU.ActiveCfg = Release|Any CPU
		{F75DA442-EE60-4ED9-AC48-ED0B74A9218C}.Release|Any CPU.Build.0 = Release|Any CPU
	EndGlobalSection
	GlobalSection(SolutionProperties) = preSolution
		HideSolutionNode = FALSE
	EndGlobalSection
EndGlobal
